
Microsoft Visual Studio Solution File, Format Version 12.00
# Visual Studio Version 17
VisualStudioVersion = 17.9.34701.34
MinimumVisualStudioVersion = 10.0.40219.1
Project("{FAE04EC0-301F-11D3-BF4B-00C04F79EFBC}") = "9.23_hw", "9.23_hw.csproj", "{8C9A8966-431A-46B7-93BB-308F7F596222}"
EndProject
Global
	GlobalSection(SolutionConfigurationPlatforms) = preSolution
		Debug|Any CPU = Debug|Any CPU
		Release|Any CPU = Release|Any CPU
	EndGlobalSection
	GlobalSection(ProjectConfigurationPlatforms) = postSolution
		{8C9A8966-431A-46B7-93BB-308F7F596222}.Debug|Any CPU.ActiveCfg = Debug|Any CPU
		{8C9A8966-431A-46B7-93BB-308F7F596222}.Debug|Any CPU.Build.0 = Debug|Any CPU
		{8C9A8966-431A-46B7-93BB-308F7F596222}.Release|Any CPU.ActiveCfg = Release|Any CPU
		{8C9A8966-431A-46B7-93BB-308F7F596222}.Release|Any CPU.Build.0 = Release|Any CPU
	EndGlobalSection
	GlobalSection(SolutionProperties) = preSolution
		HideSolutionNode = FALSE
	EndGlobalSection
	GlobalSection(ExtensibilityGlobals) = postSolution
		SolutionGuid = {83BC1870-908F-4FD8-84A7-10DEAB3A0DC5}
	EndGlobalSection
EndGlobal
